
Microsoft Visual Studio Solution File, Format Version 12.00
# Visual Studio Version 16
VisualStudioVersion = 16.0.32630.194
MinimumVisualStudioVersion = 10.0.40219.1
Project("{FAE04EC0-301F-11D3-BF4B-00C04F79EFBC}") = "CatalogAPI", "CatalogAPI\CatalogAPI.csproj", "{9C60AC1A-CD30-46EB-9424-D3C4A211CBAC}"
EndProject
Project("{FAE04EC0-301F-11D3-BF4B-00C04F79EFBC}") = "OrderApi", "OrderApi\OrderApi.csproj", "{1C6A91E8-1D97-4463-B7CC-673F99892C5F}"
EndProject
Project("{FAE04EC0-301F-11D3-BF4B-00C04F79EFBC}") = "Shared.Models", "Shared.Models\Shared.Models.csproj", "{A2D66B0B-ED64-482A-8E1C-1F2A892151D1}"
EndProject
Global
	GlobalSection(SolutionConfigurationPlatforms) = preSolution
		Debug|Any CPU = Debug|Any CPU
		Release|Any CPU = Release|Any CPU
	EndGlobalSection
	GlobalSection(ProjectConfigurationPlatforms) = postSolution
		{9C60AC1A-CD30-46EB-9424-D3C4A211CBAC}.Debug|Any CPU.ActiveCfg = Debug|Any CPU
		{9C60AC1A-CD30-46EB-9424-D3C4A211CBAC}.Debug|Any CPU.Build.0 = Debug|Any CPU
		{9C60AC1A-CD30-46EB-9424-D3C4A211CBAC}.Release|Any CPU.ActiveCfg = Release|Any CPU
		{9C60AC1A-CD30-46EB-9424-D3C4A211CBAC}.Release|Any CPU.Build.0 = Release|Any CPU
		{1C6A91E8-1D97-4463-B7CC-673F99892C5F}.Debug|Any CPU.ActiveCfg = Debug|Any CPU
		{1C6A91E8-1D97-4463-B7CC-673F99892C5F}.Debug|Any CPU.Build.0 = Debug|Any CPU
		{1C6A91E8-1D97-4463-B7CC-673F99892C5F}.Release|Any CPU.ActiveCfg = Release|Any CPU
		{1C6A91E8-1D97-4463-B7CC-673F99892C5F}.Release|Any CPU.Build.0 = Release|Any CPU
		{A2D66B0B-ED64-482A-8E1C-1F2A892151D1}.Debug|Any CPU.ActiveCfg = Debug|Any CPU
		{A2D66B0B-ED64-482A-8E1C-1F2A892151D1}.Debug|Any CPU.Build.0 = Debug|Any CPU
		{A2D66B0B-ED64-482A-8E1C-1F2A892151D1}.Release|Any CPU.ActiveCfg = Release|Any CPU
		{A2D66B0B-ED64-482A-8E1C-1F2A892151D1}.Release|Any CPU.Build.0 = Release|Any CPU
	EndGlobalSection
	GlobalSection(SolutionProperties) = preSolution
		HideSolutionNode = FALSE
	EndGlobalSection
	GlobalSection(ExtensibilityGlobals) = postSolution
		SolutionGuid = {A605B47B-21EA-4CF8-93E5-C36326C11BFB}
	EndGlobalSection
EndGlobal
